
Microsoft Visual Studio Solution File, Format Version 12.00
# Visual Studio Version 17
VisualStudioVersion = 17.9.34728.123
MinimumVisualStudioVersion = 10.0.40219.1
Project("{FAE04EC0-301F-11D3-BF4B-00C04F79EFBC}") = "API", "API\API.csproj", "{A6180FB3-B4C4-4945-A3D6-A33A77A7AD1B}"
EndProject
Global
	GlobalSection(SolutionConfigurationPlatforms) = preSolution
		Debug|Any CPU = Debug|Any CPU
		Release|Any CPU = Release|Any CPU
	EndGlobalSection
	GlobalSection(ProjectConfigurationPlatforms) = postSolution
		{A6180FB3-B4C4-4945-A3D6-A33A77A7AD1B}.Debug|Any CPU.ActiveCfg = Debug|Any CPU
		{A6180FB3-B4C4-4945-A3D6-A33A77A7AD1B}.Debug|Any CPU.Build.0 = Debug|Any CPU
		{A6180FB3-B4C4-4945-A3D6-A33A77A7AD1B}.Release|Any CPU.ActiveCfg = Release|Any CPU
		{A6180FB3-B4C4-4945-A3D6-A33A77A7AD1B}.Release|Any CPU.Build.0 = Release|Any CPU
	EndGlobalSection
	GlobalSection(SolutionProperties) = preSolution
		HideSolutionNode = FALSE
	EndGlobalSection
	GlobalSection(ExtensibilityGlobals) = postSolution
		SolutionGuid = {92CA385B-D9CF-4E6E-949B-529D851990E0}
	EndGlobalSection
EndGlobal
